// !$*UTF8*$!
{
	archiveVersion = 1;
	classes = {
	};
	objectVersion = 50;
	objects = {

/* Begin PBXBuildFile section */
		6C95D14423C6744800DB3896 /* AppDelegate.swift in Sources */ = {isa = PBXBuildFile; fileRef = 6C95D14323C6744800DB3896 /* AppDelegate.swift */; };
		6C95D14623C6744800DB3896 /* art.scnassets in Resources */ = {isa = PBXBuildFile; fileRef = 6C95D14523C6744800DB3896 /* art.scnassets */; };
		6C95D14823C6744800DB3896 /* ViewController.swift in Sources */ = {isa = PBXBuildFile; fileRef = 6C95D14723C6744800DB3896 /* ViewController.swift */; };
		6C95D14B23C6744800DB3896 /* Main.storyboard in Resources */ = {isa = PBXBuildFile; fileRef = 6C95D14923C6744800DB3896 /* Main.storyboard */; };
		6C95D14D23C6744A00DB3896 /* Assets.xcassets in Resources */ = {isa = PBXBuildFile; fileRef = 6C95D14C23C6744A00DB3896 /* Assets.xcassets */; };
		6C95D15023C6744A00DB3896 /* LaunchScreen.storyboard in Resources */ = {isa = PBXBuildFile; fileRef = 6C95D14E23C6744A00DB3896 /* LaunchScreen.storyboard */; };
		6C95D15B23C6744A00DB3896 /* ImageDitectionTests.swift in Sources */ = {isa = PBXBuildFile; fileRef = 6C95D15A23C6744A00DB3896 /* ImageDitectionTests.swift */; };
/* End PBXBuildFile section */

/* Begin PBXContainerItemProxy section */
		6C95D15723C6744A00DB3896 /* PBXContainerItemProxy */ = {
			isa = PBXContainerItemProxy;
			containerPortal = 6C95D13823C6744800DB3896 /* Project object */;
			proxyType = 1;
			remoteGlobalIDString = 6C95D13F23C6744800DB3896;
			remoteInfo = ImageDitection;
		};
/* End PBXContainerItemProxy section */

/* Begin PBXFileReference section */
		6C95D14023C6744800DB3896 /* ImageDitection.app */ = {isa = PBXFileReference; explicitFileType = wrapper.application; includeInIndex = 0; path = ImageDitection.app; sourceTree = BUILT_PRODUCTS_DIR; };
		6C95D14323C6744800DB3896 /* AppDelegate.swift */ = {isa = PBXFileReference; lastKnownFileType = sourcecode.swift; path = AppDelegate.swift; sourceTree = "<group>"; };
		6C95D14523C6744800DB3896 /* art.scnassets */ = {isa = PBXFileReference; lastKnownFileType = wrapper.scnassets; path = art.scnassets; sourceTree = "<group>"; };
		6C95D14723C6744800DB3896 /* ViewController.swift */ = {isa = PBXFileReference; lastKnownFileType = sourcecode.swift; path = ViewController.swift; sourceTree = "<group>"; };
		6C95D14A23C6744800DB3896 /* Base */ = {isa = PBXFileReference; lastKnownFileType = file.storyboard; name = Base; path = Base.lproj/Main.storyboard; sourceTree = "<group>"; };
		6C95D14C23C6744A00DB3896 /* Assets.xcassets */ = {isa = PBXFileReference; lastKnownFileType = folder.assetcatalog; path = Assets.xcassets; sourceTree = "<group>"; };
		6C95D14F23C6744A00DB3896 /* Base */ = {isa = PBXFileReference; lastKnownFileType = file.storyboard; name = Base; path = Base.lproj/LaunchScreen.storyboard; sourceTree = "<group>"; };
		6C95D15123C6744A00DB3896 /* Info.plist */ = {isa = PBXFileReference; lastKnownFileType = text.plist.xml; path = Info.plist; sourceTree = "<group>"; };
		6C95D15623C6744A00DB3896 /* ImageDitectionTests.xctest */ = {isa = PBXFileReference; explicitFileType = wrapper.cfbundle; includeInIndex = 0; path = ImageDitectionTests.xctest; sourceTree = BUILT_PRODUCTS_DIR; };
		6C95D15A23C6744A00DB3896 /* ImageDitectionTests.swift */ = {isa = PBXFileReference; lastKnownFileType = sourcecode.swift; path = ImageDitectionTests.swift; sourceTree = "<group>"; };
		6C95D15C23C6744A00DB3896 /* Info.plist */ = {isa = PBXFileReference; lastKnownFileType = text.plist.xml; path = Info.plist; sourceTree = "<group>"; };
/* End PBXFileReference section */

/* Begin PBXFrameworksBuildPhase section */
		6C95D13D23C6744800DB3896 /* Frameworks */ = {
			isa = PBXFrameworksBuildPhase;
			buildActionMask = 2147483647;
			files = (
			);
			runOnlyForDeploymentPostprocessing = 0;
		};
		6C95D15323C6744A00DB3896 /* Frameworks */ = {
			isa = PBXFrameworksBuildPhase;
			buildActionMask = 2147483647;
			files = (
			);
			runOnlyForDeploymentPostprocessing = 0;
		};
/* End PBXFrameworksBuildPhase section */

/* Begin PBXGroup section */
		6C95D13723C6744800DB3896 = {
			isa = PBXGroup;
			children = (
				6C95D14223C6744800DB3896 /* ImageDitection */,
				6C95D15923C6744A00DB3896 /* ImageDitectionTests */,
				6C95D14123C6744800DB3896 /* Products */,
			);
			sourceTree = "<group>";
		};
		6C95D14123C6744800DB3896 /* Products */ = {
			isa = PBXGroup;
			children = (
				6C95D14023C6744800DB3896 /* ImageDitection.app */,
				6C95D15623C6744A00DB3896 /* ImageDitectionTests.xctest */,
			);
			name = Products;
			sourceTree = "<group>";
		};
		6C95D14223C6744800DB3896 /* ImageDitection */ = {
			isa = PBXGroup;
			children = (
				6C95D14323C6744800DB3896 /* AppDelegate.swift */,
				6C95D14523C6744800DB3896 /* art.scnassets */,
				6C95D14723C6744800DB3896 /* ViewController.swift */,
				6C95D14923C6744800DB3896 /* Main.storyboard */,
				6C95D14C23C6744A00DB3896 /* Assets.xcassets */,
				6C95D14E23C6744A00DB3896 /* LaunchScreen.storyboard */,
				6C95D15123C6744A00DB3896 /* Info.plist */,
			);
			path = ImageDitection;
			sourceTree = "<group>";
		};
		6C95D15923C6744A00DB3896 /* ImageDitectionTests */ = {
			isa = PBXGroup;
			children = (
				6C95D15A23C6744A00DB3896 /* ImageDitectionTests.swift */,
				6C95D15C23C6744A00DB3896 /* Info.plist */,
			);
			path = ImageDitectionTests;
			sourceTree = "<group>";
		};
/* End PBXGroup section */

/* Begin PBXNativeTarget section */
		6C95D13F23C6744800DB3896 /* ImageDitection */ = {
			isa = PBXNativeTarget;
			buildConfigurationList = 6C95D15F23C6744A00DB3896 /* Build configuration list for PBXNativeTarget "ImageDitection" */;
			buildPhases = (
				6C95D13C23C6744800DB3896 /* Sources */,
				6C95D13D23C6744800DB3896 /* Frameworks */,
				6C95D13E23C6744800DB3896 /* Resources */,
			);
			buildRules = (
			);
			dependencies = (
			);
			name = ImageDitection;
			productName = ImageDitection;
			productReference = 6C95D14023C6744800DB3896 /* ImageDitection.app */;
			productType = "com.apple.product-type.application";
		};
		6C95D15523C6744A00DB3896 /* ImageDitectionTests */ = {
			isa = PBXNativeTarget;
			buildConfigurationList = 6C95D16223C6744A00DB3896 /* Build configuration list for PBXNativeTarget "ImageDitectionTests" */;
			buildPhases = (
				6C95D15223C6744A00DB3896 /* Sources */,
				6C95D15323C6744A00DB3896 /* Frameworks */,
				6C95D15423C6744A00DB3896 /* Resources */,
			);
			buildRules = (
			);
			dependencies = (
				6C95D15823C6744A00DB3896 /* PBXTargetDependency */,
			);
			name = ImageDitectionTests;
			productName = ImageDitectionTests;
			productReference = 6C95D15623C6744A00DB3896 /* ImageDitectionTests.xctest */;
			productType = "com.apple.product-type.bundle.unit-test";
		};
/* End PBXNativeTarget section */

/* Begin PBXProject section */
		6C95D13823C6744800DB3896 /* Project object */ = {
			isa = PBXProject;
			attributes = {
				LastSwiftUpdateCheck = 1130;
				LastUpgradeCheck = 1130;
				ORGANIZATIONNAME = "Edward O'Neill";
				TargetAttributes = {
					6C95D13F23C6744800DB3896 = {
						CreatedOnToolsVersion = 11.3;
					};
					6C95D15523C6744A00DB3896 = {
						CreatedOnToolsVersion = 11.3;
						TestTargetID = 6C95D13F23C6744800DB3896;
					};
				};
			};
			buildConfigurationList = 6C95D13B23C6744800DB3896 /* Build configuration list for PBXProject "ImageDitection" */;
			compatibilityVersion = "Xcode 9.3";
			developmentRegion = en;
			hasScannedForEncodings = 0;
			knownRegions = (
				en,
				Base,
			);
			mainGroup = 6C95D13723C6744800DB3896;
			productRefGroup = 6C95D14123C6744800DB3896 /* Products */;
			projectDirPath = "";
			projectRoot = "";
			targets = (
				6C95D13F23C6744800DB3896 /* ImageDitection */,
				6C95D15523C6744A00DB3896 /* ImageDitectionTests */,
			);
		};
/* End PBXProject section */

/* Begin PBXResourcesBuildPhase section */
		6C95D13E23C6744800DB3896 /* Resources */ = {
			isa = PBXResourcesBuildPhase;
			buildActionMask = 2147483647;
			files = (
				6C95D14623C6744800DB3896 /* art.scnassets in Resources */,
				6C95D15023C6744A00DB3896 /* LaunchScreen.storyboard in Resources */,
				6C95D14D23C6744A00DB3896 /* Assets.xcassets in Resources */,
				6C95D14B23C6744800DB3896 /* Main.storyboard in Resources */,
			);
			runOnlyForDeploymentPostprocessing = 0;
		};
		6C95D15423C6744A00DB3896 /* Resources */ = {
			isa = PBXResourcesBuildPhase;
			buildActionMask = 2147483647;
			files = (
			);
			runOnlyForDeploymentPostprocessing = 0;
		};
/* End PBXResourcesBuildPhase section */

/* Begin PBXSourcesBuildPhase section */
		6C95D13C23C6744800DB3896 /* Sources */ = {
			isa = PBXSourcesBuildPhase;
			buildActionMask = 2147483647;
			files = (
				6C95D14823C6744800DB3896 /* ViewController.swift in Sources */,
				6C95D14423C6744800DB3896 /* AppDelegate.swift in Sources */,
			);
			runOnlyForDeploymentPostprocessing = 0;
		};
		6C95D15223C6744A00DB3896 /* Sources */ = {
			isa = PBXSourcesBuildPhase;
			buildActionMask = 2147483647;
			files = (
				6C95D15B23C6744A00DB3896 /* ImageDitectionTests.swift in Sources */,
			);
			runOnlyForDeploymentPostprocessing = 0;
		};
/* End PBXSourcesBuildPhase section */

/* Begin PBXTargetDependency section */
		6C95D15823C6744A00DB3896 /* PBXTargetDependency */ = {
			isa = PBXTargetDependency;
			target = 6C95D13F23C6744800DB3896 /* ImageDitection */;
			targetProxy = 6C95D15723C6744A00DB3896 /* PBXContainerItemProxy */;
		};
/* End PBXTargetDependency section */

/* Begin PBXVariantGroup section */
		6C95D14923C6744800DB3896 /* Main.storyboard */ = {
			isa = PBXVariantGroup;
			children = (
				6C95D14A23C6744800DB3896 /* Base */,
			);
			name = Main.storyboard;
			sourceTree = "<group>";
		};
		6C95D14E23C6744A00DB3896 /* LaunchScreen.storyboard */ = {
			isa = PBXVariantGroup;
			children = (
				6C95D14F23C6744A00DB3896 /* Base */,
			);
			name = LaunchScreen.storyboard;
			sourceTree = "<group>";
		};
/* End PBXVariantGroup section */

/* Begin XCBuildConfiguration section */
		6C95D15D23C6744A00DB3896 /* Debug */ = {
			isa = XCBuildConfiguration;
			buildSettings = {
				ALWAYS_SEARCH_USER_PATHS = NO;
				CLANG_ANALYZER_NONNULL = YES;
				CLANG_ANALYZER_NUMBER_OBJECT_CONVERSION = YES_AGGRESSIVE;
				CLANG_CXX_LANGUAGE_STANDARD = "gnu++14";
				CLANG_CXX_LIBRARY = "libc++";
				CLANG_ENABLE_MODULES = YES;
				CLANG_ENABLE_OBJC_ARC = YES;
				CLANG_ENABLE_OBJC_WEAK = YES;
				CLANG_WARN_BLOCK_CAPTURE_AUTORELEASING = YES;
				CLANG_WARN_BOOL_CONVERSION = YES;
				CLANG_WARN_COMMA = YES;
				CLANG_WARN_CONSTANT_CONVERSION = YES;
				CLANG_WARN_DEPRECATED_OBJC_IMPLEMENTATIONS = YES;
				CLANG_WARN_DIRECT_OBJC_ISA_USAGE = YES_ERROR;
				CLANG_WARN_DOCUMENTATION_COMMENTS = YES;
				CLANG_WARN_EMPTY_BODY = YES;
				CLANG_WARN_ENUM_CONVERSION = YES;
				CLANG_WARN_INFINITE_RECURSION = YES;
				CLANG_WARN_INT_CONVERSION = YES;
				CLANG_WARN_NON_LITERAL_NULL_CONVERSION = YES;
				CLANG_WARN_OBJC_IMPLICIT_RETAIN_SELF = YES;
				CLANG_WARN_OBJC_LITERAL_CONVERSION = YES;
				CLANG_WARN_OBJC_ROOT_CLASS = YES_ERROR;
				CLANG_WARN_RANGE_LOOP_ANALYSIS = YES;
				CLANG_WARN_STRICT_PROTOTYPES = YES;
				CLANG_WARN_SUSPICIOUS_MOVE = YES;
				CLANG_WARN_UNGUARDED_AVAILABILITY = YES_AGGRESSIVE;
				CLANG_WARN_UNREACHABLE_CODE = YES;
				CLANG_WARN__DUPLICATE_METHOD_MATCH = YES;
				COPY_PHASE_STRIP = NO;
				DEBUG_INFORMATION_FORMAT = dwarf;
				ENABLE_STRICT_OBJC_MSGSEND = YES;
				ENABLE_TESTABILITY = YES;
				GCC_C_LANGUAGE_STANDARD = gnu11;
				GCC_DYNAMIC_NO_PIC = NO;
				GCC_NO_COMMON_BLOCKS = YES;
				GCC_OPTIMIZATION_LEVEL = 0;
				GCC_PREPROCESSOR_DEFINITIONS = (
					"DEBUG=1",
					"$(inherited)",
				);
				GCC_WARN_64_TO_32_BIT_CONVERSION = YES;
				GCC_WARN_ABOUT_RETURN_TYPE = YES_ERROR;
				GCC_WARN_UNDECLARED_SELECTOR = YES;
				GCC_WARN_UNINITIALIZED_AUTOS = YES_AGGRESSIVE;
				GCC_WARN_UNUSED_FUNCTION = YES;
				GCC_WARN_UNUSED_VARIABLE = YES;
				IPHONEOS_DEPLOYMENT_TARGET = 13.2;
				MTL_ENABLE_DEBUG_INFO = INCLUDE_SOURCE;
				MTL_FAST_MATH = YES;
				ONLY_ACTIVE_ARCH = YES;
				SDKROOT = iphoneos;
				SWIFT_ACTIVE_COMPILATION_CONDITIONS = DEBUG;
				SWIFT_OPTIMIZATION_LEVEL = "-Onone";
			};
			name = Debug;
		};
		6C95D15E23C6744A00DB3896 /* Release */ = {
			isa = XCBuildConfiguration;
			buildSettings = {
				ALWAYS_SEARCH_USER_PATHS = NO;
				CLANG_ANALYZER_NONNULL = YES;
				CLANG_ANALYZER_NUMBER_OBJECT_CONVERSION = YES_AGGRESSIVE;
				CLANG_CXX_LANGUAGE_STANDARD = "gnu++14";
				CLANG_CXX_LIBRARY = "libc++";
				CLANG_ENABLE_MODULES = YES;
				CLANG_ENABLE_OBJC_ARC = YES;
				CLANG_ENABLE_OBJC_WEAK = YES;
				CLANG_WARN_BLOCK_CAPTURE_AUTORELEASING = YES;
				CLANG_WARN_BOOL_CONVERSION = YES;
				CLANG_WARN_COMMA = YES;
				CLANG_WARN_CONSTANT_CONVERSION = YES;
				CLANG_WARN_DEPRECATED_OBJC_IMPLEMENTATIONS = YES;
				CLANG_WARN_DIRECT_OBJC_ISA_USAGE = YES_ERROR;
				CLANG_WARN_DOCUMENTATION_COMMENTS = YES;
				CLANG_WARN_EMPTY_BODY = YES;
				CLANG_WARN_ENUM_CONVERSION = YES;
				CLANG_WARN_INFINITE_RECURSION = YES;
				CLANG_WARN_INT_CONVERSION = YES;
				CLANG_WARN_NON_LITERAL_NULL_CONVERSION = YES;
				CLANG_WARN_OBJC_IMPLICIT_RETAIN_SELF = YES;
				CLANG_WARN_OBJC_LITERAL_CONVERSION = YES;
				CLANG_WARN_OBJC_ROOT_CLASS = YES_ERROR;
				CLANG_WARN_RANGE_LOOP_ANALYSIS = YES;
				CLANG_WARN_STRICT_PROTOTYPES = YES;
				CLANG_WARN_SUSPICIOUS_MOVE = YES;
				CLANG_WARN_UNGUARDED_AVAILABILITY = YES_AGGRESSIVE;
				CLANG_WARN_UNREACHABLE_CODE = YES;
				CLANG_WARN__DUPLICATE_METHOD_MATCH = YES;
				COPY_PHASE_STRIP = NO;
				DEBUG_INFORMATION_FORMAT = "dwarf-with-dsym";
				ENABLE_NS_ASSERTIONS = NO;
				ENABLE_STRICT_OBJC_MSGSEND = YES;
				GCC_C_LANGUAGE_STANDARD = gnu11;
				GCC_NO_COMMON_BLOCKS = YES;
				GCC_WARN_64_TO_32_BIT_CONVERSION = YES;
				GCC_WARN_ABOUT_RETURN_TYPE = YES_ERROR;
				GCC_WARN_UNDECLARED_SELECTOR = YES;
				GCC_WARN_UNINITIALIZED_AUTOS = YES_AGGRESSIVE;
				GCC_WARN_UNUSED_FUNCTION = YES;
				GCC_WARN_UNUSED_VARIABLE = YES;
				IPHONEOS_DEPLOYMENT_TARGET = 13.2;
				MTL_ENABLE_DEBUG_INFO = NO;
				MTL_FAST_MATH = YES;
				SDKROOT = iphoneos;
				SWIFT_COMPILATION_MODE = wholemodule;
				SWIFT_OPTIMIZATION_LEVEL = "-O";
				VALIDATE_PRODUCT = YES;
			};
			name = Release;
		};
		6C95D16023C6744A00DB3896 /* Debug */ = {
			isa = XCBuildConfiguration;
			buildSettings = {
				ASSETCATALOG_COMPILER_APPICON_NAME = AppIcon;
				CODE_SIGN_STYLE = Automatic;
				DEVELOPMENT_TEAM = 26RHXP32FH;
				INFOPLIST_FILE = ImageDitection/Info.plist;
				LD_RUNPATH_SEARCH_PATHS = (
					"$(inherited)",
					"@executable_path/Frameworks",
				);
				PRODUCT_BUNDLE_IDENTIFIER = com.edward.ImageDitection;
				PRODUCT_NAME = "$(TARGET_NAME)";
				SWIFT_VERSION = 5.0;
				TARGETED_DEVICE_FAMILY = "1,2";
			};
			name = Debug;
		};
		6C95D16123C6744A00DB3896 /* Release */ = {
			isa = XCBuildConfiguration;
			buildSettings = {
				ASSETCATALOG_COMPILER_APPICON_NAME = AppIcon;
				CODE_SIGN_STYLE = Automatic;
				DEVELOPMENT_TEAM = 26RHXP32FH;
				INFOPLIST_FILE = ImageDitection/Info.plist;
				LD_RUNPATH_SEARCH_PATHS = (
					"$(inherited)",
					"@executable_path/Frameworks",
				);
				PRODUCT_BUNDLE_IDENTIFIER = com.edward.ImageDitection;
				PRODUCT_NAME = "$(TARGET_NAME)";
				SWIFT_VERSION = 5.0;
				TARGETED_DEVICE_FAMILY = "1,2";
			};
			name = Release;
		};
		6C95D16323C6744A00DB3896 /* Debug */ = {
			isa = XCBuildConfiguration;
			buildSettings = {
				ALWAYS_EMBED_SWIFT_STANDARD_LIBRARIES = YES;
				BUNDLE_LOADER = "$(TEST_HOST)";
				CODE_SIGN_STYLE = Automatic;
				DEVELOPMENT_TEAM = 26RHXP32FH;
				INFOPLIST_FILE = ImageDitectionTests/Info.plist;
				IPHONEOS_DEPLOYMENT_TARGET = 13.2;
				LD_RUNPATH_SEARCH_PATHS = (
					"$(inherited)",
					"@executable_path/Frameworks",
					"@loader_path/Frameworks",
				);
				PRODUCT_BUNDLE_IDENTIFIER = com.edward.ImageDitectionTests;
				PRODUCT_NAME = "$(TARGET_NAME)";
				SWIFT_VERSION = 5.0;
				TARGETED_DEVICE_FAMILY = "1,2";
				TEST_HOST = "$(BUILT_PRODUCTS_DIR)/ImageDitection.app/ImageDitection";
			};
			name = Debug;
		};
		6C95D16423C6744A00DB3896 /* Release */ = {
			isa = XCBuildConfiguration;
			buildSettings = {
				ALWAYS_EMBED_SWIFT_STANDARD_LIBRARIES = YES;
				BUNDLE_LOADER = "$(TEST_HOST)";
				CODE_SIGN_STYLE = Automatic;
				DEVELOPMENT_TEAM = 26RHXP32FH;
				INFOPLIST_FILE = ImageDitectionTests/Info.plist;
				IPHONEOS_DEPLOYMENT_TARGET = 13.2;
				LD_RUNPATH_SEARCH_PATHS = (
					"$(inherited)",
					"@executable_path/Frameworks",
					"@loader_path/Frameworks",
				);
				PRODUCT_BUNDLE_IDENTIFIER = com.edward.ImageDitectionTests;
				PRODUCT_NAME = "$(TARGET_NAME)";
				SWIFT_VERSION = 5.0;
				TARGETED_DEVICE_FAMILY = "1,2";
				TEST_HOST = "$(BUILT_PRODUCTS_DIR)/ImageDitection.app/ImageDitection";
			};
			name = Release;
		};
/* End XCBuildConfiguration section */

/* Begin XCConfigurationList section */
		6C95D13B23C6744800DB3896 /* Build configuration list for PBXProject "ImageDitection" */ = {
			isa = XCConfigurationList;
			buildConfigurations = (
				6C95D15D23C6744A00DB3896 /* Debug */,
				6C95D15E23C6744A00DB3896 /* Release */,
			);
			defaultConfigurationIsVisible = 0;
			defaultConfigurationName = Release;
		};
		6C95D15F23C6744A00DB3896 /* Build configuration list for PBXNativeTarget "ImageDitection" */ = {
			isa = XCConfigurationList;
			buildConfigurations = (
				6C95D16023C6744A00DB3896 /* Debug */,
				6C95D16123C6744A00DB3896 /* Release */,
			);
			defaultConfigurationIsVisible = 0;
			defaultConfigurationName = Release;
		};
		6C95D16223C6744A00DB3896 /* Build configuration list for PBXNativeTarget "ImageDitectionTests" */ = {
			isa = XCConfigurationList;
			buildConfigurations = (
				6C95D16323C6744A00DB3896 /* Debug */,
				6C95D16423C6744A00DB3896 /* Release */,
			);
			defaultConfigurationIsVisible = 0;
			defaultConfigurationName = Release;
		};
/* End XCConfigurationList section */
	};
	rootObject = 6C95D13823C6744800DB3896 /* Project object */;
}
